
Microsoft Visual Studio Solution File, Format Version 12.00
# Visual Studio 2013
VisualStudioVersion = 12.0.21005.1
MinimumVisualStudioVersion = 10.0.40219.1
Project("{FAE04EC0-301F-11D3-BF4B-00C04F79EFBC}") = "SD.ACMA.DNCRProject.SocialMediaWindowsService", "SD.ADMC.DNCRProject.SocialMediaWindowsService\SD.ACMA.DNCRProject.SocialMediaWindowsService.csproj", "{BC0FF8B0-D59C-45CF-A048-C426FCF3BD7F}"
EndProject
Project("{2150E333-8FDC-42A3-9474-1A3956D46DE8}") = "DAL", "DAL", "{A0601359-751F-4692-99D2-4031686F5612}"
	ProjectSection(SolutionItems) = preProject
		DAL\SD.Core.Data.Repository.PetaPoco.dll = DAL\SD.Core.Data.Repository.PetaPoco.dll
	EndProjectSection
EndProject
Project("{2150E333-8FDC-42A3-9474-1A3956D46DE8}") = "Services", "Services", "{4C63EB37-049B-4C53-8D42-FE96EAB3F908}"
EndProject
Project("{2150E333-8FDC-42A3-9474-1A3956D46DE8}") = "Core", "Core", "{90255B4C-7F3A-4053-8964-F2EE4749502B}"
EndProject
Project("{2150E333-8FDC-42A3-9474-1A3956D46DE8}") = "DomainLayer", "DomainLayer", "{0ECAC99E-1E1E-4C58-84A1-A28B9BD02C9F}"
EndProject
Project("{FAE04EC0-301F-11D3-BF4B-00C04F79EFBC}") = "SD.ACMA.DNCR.Infrastructure", "SD.ACMA.DNCR.Infrastructure\SD.ACMA.DNCR.Infrastructure.csproj", "{16A62F2E-2CE7-4587-B70B-F9760800ACD4}"
EndProject
Project("{FAE04EC0-301F-11D3-BF4B-00C04F79EFBC}") = "SD.ACMA.BusinessLogic", "SD.ACMA.BusinessLogic\SD.ACMA.BusinessLogic.csproj", "{73DED3E2-BE03-4AC4-8E09-1746CE117435}"
EndProject
Project("{FAE04EC0-301F-11D3-BF4B-00C04F79EFBC}") = "SD.ACMA.DatabaseIntermediary", "SD.ACMA.DatabaseIntermediary\SD.ACMA.DatabaseIntermediary.csproj", "{8A483780-6FAB-4E0A-8DDE-E9590244D95A}"
EndProject
Project("{FAE04EC0-301F-11D3-BF4B-00C04F79EFBC}") = "SD.ACMA.POCO", "SD.ACMA.POCO\SD.ACMA.POCO.csproj", "{B5146AA5-F09E-4B52-8997-9FD79AB2E0A7}"
EndProject
Project("{FAE04EC0-301F-11D3-BF4B-00C04F79EFBC}") = "SD.ACMA.BusinessLogicTests", "SD.ACMA.BusinessLogicTests\SD.ACMA.BusinessLogicTests.csproj", "{06898203-B69E-4200-AA42-FD429A6A4A8D}"
EndProject
Project("{2150E333-8FDC-42A3-9474-1A3956D46DE8}") = "UnitTests", "UnitTests", "{65E36156-CE6F-4B67-8F53-154FA38417E8}"
EndProject
Project("{FAE04EC0-301F-11D3-BF4B-00C04F79EFBC}") = "SD.ACMA.DNCRProject.Website", "SD.ACMA.DNCRProject.Website\SD.ACMA.DNCRProject.Website.csproj", "{DD8A545B-F35B-424C-AB04-3D14D3A95B4E}"
EndProject
Project("{2150E333-8FDC-42A3-9474-1A3956D46DE8}") = "Web", "Web", "{9D5AE75E-9A48-498C-985A-F6D8AA2A3EBF}"
EndProject
Project("{2150E333-8FDC-42A3-9474-1A3956D46DE8}") = ".nuget", ".nuget", "{7BFECE79-7B6C-45B1-AC75-3ACE089DA4C8}"
	ProjectSection(SolutionItems) = preProject
		.nuget\NuGet.Config = .nuget\NuGet.Config
		.nuget\NuGet.exe = .nuget\NuGet.exe
		.nuget\NuGet.targets = .nuget\NuGet.targets
	EndProjectSection
EndProject
Project("{2150E333-8FDC-42A3-9474-1A3956D46DE8}") = "AbstractionLayer", "AbstractionLayer", "{7033F155-1FB1-4C52-9658-06F562AEC4F6}"
EndProject
Project("{FAE04EC0-301F-11D3-BF4B-00C04F79EFBC}") = "SD.ACMA.InterfaceTier", "SD.ACMA.InterfaceTier\SD.ACMA.InterfaceTier.csproj", "{F945BD62-7E47-49AB-94F7-54C28DF4CE86}"
EndProject
Project("{FAE04EC0-301F-11D3-BF4B-00C04F79EFBC}") = "SD.ACMA.Service.EmailInParser", "SD.ACMA.Service.EmailInParser\SD.ACMA.Service.EmailInParser.csproj", "{FEC9092F-0C93-4402-98E0-0F929AE126D7}"
EndProject
Project("{FAE04EC0-301F-11D3-BF4B-00C04F79EFBC}") = "SD.ACMA.DNCRProject.CreditCardReconciliationService", "SD.ACMA.DNCRProject.CreditCardReconciliationService\SD.ACMA.DNCRProject.CreditCardReconciliationService.csproj", "{93C366DB-A711-4B53-9957-E4890A41C783}"
EndProject
Project("{FAE04EC0-301F-11D3-BF4B-00C04F79EFBC}") = "SD.ACMA.DNCRProject.FinancialReports", "SD.ACMA.DNCRProject.FinancialReports\SD.ACMA.DNCRProject.FinancialReports.csproj", "{FFA2B7E8-776C-4EC7-A2F4-E293A7F9B4A2}"
EndProject
Project("{2150E333-8FDC-42A3-9474-1A3956D46DE8}") = "SQL Scripts", "SQL Scripts", "{7C25D546-DCD1-46F9-B8E4-5F4A88023474}"
EndProject
Project("{2150E333-8FDC-42A3-9474-1A3956D46DE8}") = "Deploy", "Deploy", "{D1EC776F-E041-47E7-8D0A-4105DD3F3BE2}"
	ProjectSection(SolutionItems) = preProject
		SD.ACMA.DNCRProject.SQLScripts\Deploy\201709211338_SDADS-2207_FinancialReport_AddColumns.sql = SD.ACMA.DNCRProject.SQLScripts\Deploy\201709211338_SDADS-2207_FinancialReport_AddColumns.sql
	EndProjectSection
EndProject
Project("{2150E333-8FDC-42A3-9474-1A3956D46DE8}") = "Rollback", "Rollback", "{509E1371-CDA3-4347-9517-9E21DF733DF8}"
	ProjectSection(SolutionItems) = preProject
		SD.ACMA.DNCRProject.SQLScripts\Rollback\201710311634_SDADS-2207_FinancialReport_RemoveColumns.sql = SD.ACMA.DNCRProject.SQLScripts\Rollback\201710311634_SDADS-2207_FinancialReport_RemoveColumns.sql
	EndProjectSection
EndProject
Global
	GlobalSection(TeamFoundationVersionControl) = preSolution
		SccNumberOfProjects = 12
		SccEnterpriseProvider = {4CA58AB2-18FA-4F8D-95D4-32DDF27D184C}
		SccTeamFoundationServer = https://seatfs15.dcs.avanade.com/tfs/slm
		SccLocalPath0 = .
		SccProjectUniqueName1 = SD.ACMA.BusinessLogic\\SD.ACMA.BusinessLogic.csproj
		SccProjectTopLevelParentUniqueName1 = SD.ACMA.DNCRProject.sln
		SccProjectName1 = SD.ACMA.BusinessLogic
		SccLocalPath1 = SD.ACMA.BusinessLogic
		SccProjectUniqueName2 = SD.ACMA.BusinessLogicTests\\SD.ACMA.BusinessLogicTests.csproj
		SccProjectTopLevelParentUniqueName2 = SD.ACMA.DNCRProject.sln
		SccProjectName2 = SD.ACMA.BusinessLogicTests
		SccLocalPath2 = SD.ACMA.BusinessLogicTests
		SccProjectUniqueName3 = SD.ACMA.DatabaseIntermediary\\SD.ACMA.DatabaseIntermediary.csproj
		SccProjectTopLevelParentUniqueName3 = SD.ACMA.DNCRProject.sln
		SccProjectName3 = SD.ACMA.DatabaseIntermediary
		SccLocalPath3 = SD.ACMA.DatabaseIntermediary
		SccProjectUniqueName4 = SD.ACMA.DNCR.Infrastructure\\SD.ACMA.DNCR.Infrastructure.csproj
		SccProjectTopLevelParentUniqueName4 = SD.ACMA.DNCRProject.sln
		SccProjectName4 = SD.ACMA.DNCR.Infrastructure
		SccLocalPath4 = SD.ACMA.DNCR.Infrastructure
		SccProjectUniqueName5 = SD.ACMA.DNCRProject.CreditCardReconciliationService\\SD.ACMA.DNCRProject.CreditCardReconciliationService.csproj
		SccProjectTopLevelParentUniqueName5 = SD.ACMA.DNCRProject.sln
		SccProjectName5 = SD.ACMA.DNCRProject.CreditCardReconciliationService
		SccLocalPath5 = SD.ACMA.DNCRProject.CreditCardReconciliationService
		SccProjectUniqueName6 = SD.ACMA.DNCRProject.FinancialReports\\SD.ACMA.DNCRProject.FinancialReports.csproj
		SccProjectTopLevelParentUniqueName6 = SD.ACMA.DNCRProject.sln
		SccProjectName6 = SD.ACMA.DNCRProject.FinancialReports
		SccLocalPath6 = SD.ACMA.DNCRProject.FinancialReports
		SccProjectUniqueName7 = SD.ACMA.DNCRProject.Website\\SD.ACMA.DNCRProject.Website.csproj
		SccProjectTopLevelParentUniqueName7 = SD.ACMA.DNCRProject.sln
		SccProjectName7 = SD.ACMA.DNCRProject.Website
		SccLocalPath7 = SD.ACMA.DNCRProject.Website
		SccProjectUniqueName8 = SD.ACMA.InterfaceTier\\SD.ACMA.InterfaceTier.csproj
		SccProjectTopLevelParentUniqueName8 = SD.ACMA.DNCRProject.sln
		SccProjectName8 = SD.ACMA.InterfaceTier
		SccLocalPath8 = SD.ACMA.InterfaceTier
		SccProjectUniqueName9 = SD.ACMA.POCO\\SD.ACMA.POCO.csproj
		SccProjectTopLevelParentUniqueName9 = SD.ACMA.DNCRProject.sln
		SccProjectName9 = SD.ACMA.POCO
		SccLocalPath9 = SD.ACMA.POCO
		SccProjectUniqueName10 = SD.ACMA.Service.EmailInParser\\SD.ACMA.Service.EmailInParser.csproj
		SccProjectTopLevelParentUniqueName10 = SD.ACMA.DNCRProject.sln
		SccProjectName10 = SD.ACMA.Service.EmailInParser
		SccLocalPath10 = SD.ACMA.Service.EmailInParser
		SccProjectUniqueName11 = SD.ADMC.DNCRProject.SocialMediaWindowsService\\SD.ACMA.DNCRProject.SocialMediaWindowsService.csproj
		SccProjectTopLevelParentUniqueName11 = SD.ACMA.DNCRProject.sln
		SccProjectName11 = SD.ADMC.DNCRProject.SocialMediaWindowsService
		SccLocalPath11 = SD.ADMC.DNCRProject.SocialMediaWindowsService
	EndGlobalSection
	GlobalSection(SolutionConfigurationPlatforms) = preSolution
		Debug|Any CPU = Debug|Any CPU
		Debug|x86 = Debug|x86
		devint|Any CPU = devint|Any CPU
		devint|x86 = devint|x86
		Prod|Any CPU = Prod|Any CPU
		Prod|x86 = Prod|x86
		Release|Any CPU = Release|Any CPU
		Release|x86 = Release|x86
		SIT|Any CPU = SIT|Any CPU
		SIT|x86 = SIT|x86
		UAT|Any CPU = UAT|Any CPU
		UAT|x86 = UAT|x86
	EndGlobalSection
	GlobalSection(ProjectConfigurationPlatforms) = postSolution
		{BC0FF8B0-D59C-45CF-A048-C426FCF3BD7F}.Debug|Any CPU.ActiveCfg = Debug|Any CPU
		{BC0FF8B0-D59C-45CF-A048-C426FCF3BD7F}.Debug|Any CPU.Build.0 = Debug|Any CPU
		{BC0FF8B0-D59C-45CF-A048-C426FCF3BD7F}.Debug|x86.ActiveCfg = Debug|Any CPU
		{BC0FF8B0-D59C-45CF-A048-C426FCF3BD7F}.devint|Any CPU.ActiveCfg = devint|Any CPU
		{BC0FF8B0-D59C-45CF-A048-C426FCF3BD7F}.devint|Any CPU.Build.0 = devint|Any CPU
		{BC0FF8B0-D59C-45CF-A048-C426FCF3BD7F}.devint|x86.ActiveCfg = devint|Any CPU
		{BC0FF8B0-D59C-45CF-A048-C426FCF3BD7F}.Prod|Any CPU.ActiveCfg = Prod|Any CPU
		{BC0FF8B0-D59C-45CF-A048-C426FCF3BD7F}.Prod|Any CPU.Build.0 = Prod|Any CPU
		{BC0FF8B0-D59C-45CF-A048-C426FCF3BD7F}.Prod|x86.ActiveCfg = Prod|Any CPU
		{BC0FF8B0-D59C-45CF-A048-C426FCF3BD7F}.Release|Any CPU.ActiveCfg = Release|Any CPU
		{BC0FF8B0-D59C-45CF-A048-C426FCF3BD7F}.Release|Any CPU.Build.0 = Release|Any CPU
		{BC0FF8B0-D59C-45CF-A048-C426FCF3BD7F}.Release|x86.ActiveCfg = Release|Any CPU
		{BC0FF8B0-D59C-45CF-A048-C426FCF3BD7F}.SIT|Any CPU.ActiveCfg = SIT|Any CPU
		{BC0FF8B0-D59C-45CF-A048-C426FCF3BD7F}.SIT|Any CPU.Build.0 = SIT|Any CPU
		{BC0FF8B0-D59C-45CF-A048-C426FCF3BD7F}.SIT|x86.ActiveCfg = SIT|Any CPU
		{BC0FF8B0-D59C-45CF-A048-C426FCF3BD7F}.UAT|Any CPU.ActiveCfg = UAT|Any CPU
		{BC0FF8B0-D59C-45CF-A048-C426FCF3BD7F}.UAT|Any CPU.Build.0 = UAT|Any CPU
		{BC0FF8B0-D59C-45CF-A048-C426FCF3BD7F}.UAT|x86.ActiveCfg = UAT|Any CPU
		{16A62F2E-2CE7-4587-B70B-F9760800ACD4}.Debug|Any CPU.ActiveCfg = Debug|Any CPU
		{16A62F2E-2CE7-4587-B70B-F9760800ACD4}.Debug|Any CPU.Build.0 = Debug|Any CPU
		{16A62F2E-2CE7-4587-B70B-F9760800ACD4}.Debug|x86.ActiveCfg = Debug|Any CPU
		{16A62F2E-2CE7-4587-B70B-F9760800ACD4}.devint|Any CPU.ActiveCfg = devint|Any CPU
		{16A62F2E-2CE7-4587-B70B-F9760800ACD4}.devint|Any CPU.Build.0 = devint|Any CPU
		{16A62F2E-2CE7-4587-B70B-F9760800ACD4}.devint|x86.ActiveCfg = devint|Any CPU
		{16A62F2E-2CE7-4587-B70B-F9760800ACD4}.Prod|Any CPU.ActiveCfg = Prod|Any CPU
		{16A62F2E-2CE7-4587-B70B-F9760800ACD4}.Prod|Any CPU.Build.0 = Prod|Any CPU
		{16A62F2E-2CE7-4587-B70B-F9760800ACD4}.Prod|x86.ActiveCfg = Prod|Any CPU
		{16A62F2E-2CE7-4587-B70B-F9760800ACD4}.Release|Any CPU.ActiveCfg = Release|Any CPU
		{16A62F2E-2CE7-4587-B70B-F9760800ACD4}.Release|Any CPU.Build.0 = Release|Any CPU
		{16A62F2E-2CE7-4587-B70B-F9760800ACD4}.Release|x86.ActiveCfg = Release|Any CPU
		{16A62F2E-2CE7-4587-B70B-F9760800ACD4}.SIT|Any CPU.ActiveCfg = SIT|Any CPU
		{16A62F2E-2CE7-4587-B70B-F9760800ACD4}.SIT|Any CPU.Build.0 = SIT|Any CPU
		{16A62F2E-2CE7-4587-B70B-F9760800ACD4}.SIT|x86.ActiveCfg = SIT|Any CPU
		{16A62F2E-2CE7-4587-B70B-F9760800ACD4}.UAT|Any CPU.ActiveCfg = UAT|Any CPU
		{16A62F2E-2CE7-4587-B70B-F9760800ACD4}.UAT|Any CPU.Build.0 = UAT|Any CPU
		{16A62F2E-2CE7-4587-B70B-F9760800ACD4}.UAT|x86.ActiveCfg = UAT|Any CPU
		{73DED3E2-BE03-4AC4-8E09-1746CE117435}.Debug|Any CPU.ActiveCfg = Debug|Any CPU
		{73DED3E2-BE03-4AC4-8E09-1746CE117435}.Debug|Any CPU.Build.0 = Debug|Any CPU
		{73DED3E2-BE03-4AC4-8E09-1746CE117435}.Debug|x86.ActiveCfg = Debug|Any CPU
		{73DED3E2-BE03-4AC4-8E09-1746CE117435}.devint|Any CPU.ActiveCfg = devint|Any CPU
		{73DED3E2-BE03-4AC4-8E09-1746CE117435}.devint|Any CPU.Build.0 = devint|Any CPU
		{73DED3E2-BE03-4AC4-8E09-1746CE117435}.devint|x86.ActiveCfg = devint|Any CPU
		{73DED3E2-BE03-4AC4-8E09-1746CE117435}.Prod|Any CPU.ActiveCfg = Prod|Any CPU
		{73DED3E2-BE03-4AC4-8E09-1746CE117435}.Prod|Any CPU.Build.0 = Prod|Any CPU
		{73DED3E2-BE03-4AC4-8E09-1746CE117435}.Prod|x86.ActiveCfg = Prod|Any CPU
		{73DED3E2-BE03-4AC4-8E09-1746CE117435}.Release|Any CPU.ActiveCfg = Release|Any CPU
		{73DED3E2-BE03-4AC4-8E09-1746CE117435}.Release|Any CPU.Build.0 = Release|Any CPU
		{73DED3E2-BE03-4AC4-8E09-1746CE117435}.Release|x86.ActiveCfg = Release|Any CPU
		{73DED3E2-BE03-4AC4-8E09-1746CE117435}.SIT|Any CPU.ActiveCfg = SIT|Any CPU
		{73DED3E2-BE03-4AC4-8E09-1746CE117435}.SIT|Any CPU.Build.0 = SIT|Any CPU
		{73DED3E2-BE03-4AC4-8E09-1746CE117435}.SIT|x86.ActiveCfg = SIT|Any CPU
		{73DED3E2-BE03-4AC4-8E09-1746CE117435}.UAT|Any CPU.ActiveCfg = UAT|Any CPU
		{73DED3E2-BE03-4AC4-8E09-1746CE117435}.UAT|Any CPU.Build.0 = UAT|Any CPU
		{73DED3E2-BE03-4AC4-8E09-1746CE117435}.UAT|x86.ActiveCfg = UAT|Any CPU
		{8A483780-6FAB-4E0A-8DDE-E9590244D95A}.Debug|Any CPU.ActiveCfg = Debug|Any CPU
		{8A483780-6FAB-4E0A-8DDE-E9590244D95A}.Debug|Any CPU.Build.0 = Debug|Any CPU
		{8A483780-6FAB-4E0A-8DDE-E9590244D95A}.Debug|x86.ActiveCfg = Debug|Any CPU
		{8A483780-6FAB-4E0A-8DDE-E9590244D95A}.devint|Any CPU.ActiveCfg = devint|Any CPU
		{8A483780-6FAB-4E0A-8DDE-E9590244D95A}.devint|Any CPU.Build.0 = devint|Any CPU
		{8A483780-6FAB-4E0A-8DDE-E9590244D95A}.devint|x86.ActiveCfg = devint|Any CPU
		{8A483780-6FAB-4E0A-8DDE-E9590244D95A}.Prod|Any CPU.ActiveCfg = Prod|Any CPU
		{8A483780-6FAB-4E0A-8DDE-E9590244D95A}.Prod|Any CPU.Build.0 = Prod|Any CPU
		{8A483780-6FAB-4E0A-8DDE-E9590244D95A}.Prod|x86.ActiveCfg = Prod|Any CPU
		{8A483780-6FAB-4E0A-8DDE-E9590244D95A}.Release|Any CPU.ActiveCfg = Release|Any CPU
		{8A483780-6FAB-4E0A-8DDE-E9590244D95A}.Release|Any CPU.Build.0 = Release|Any CPU
		{8A483780-6FAB-4E0A-8DDE-E9590244D95A}.Release|x86.ActiveCfg = Release|Any CPU
		{8A483780-6FAB-4E0A-8DDE-E9590244D95A}.SIT|Any CPU.ActiveCfg = SIT|Any CPU
		{8A483780-6FAB-4E0A-8DDE-E9590244D95A}.SIT|Any CPU.Build.0 = SIT|Any CPU
		{8A483780-6FAB-4E0A-8DDE-E9590244D95A}.SIT|x86.ActiveCfg = SIT|Any CPU
		{8A483780-6FAB-4E0A-8DDE-E9590244D95A}.UAT|Any CPU.ActiveCfg = UAT|Any CPU
		{8A483780-6FAB-4E0A-8DDE-E9590244D95A}.UAT|Any CPU.Build.0 = UAT|Any CPU
		{8A483780-6FAB-4E0A-8DDE-E9590244D95A}.UAT|x86.ActiveCfg = UAT|Any CPU
		{B5146AA5-F09E-4B52-8997-9FD79AB2E0A7}.Debug|Any CPU.ActiveCfg = Debug|Any CPU
		{B5146AA5-F09E-4B52-8997-9FD79AB2E0A7}.Debug|Any CPU.Build.0 = Debug|Any CPU
		{B5146AA5-F09E-4B52-8997-9FD79AB2E0A7}.Debug|x86.ActiveCfg = Debug|Any CPU
		{B5146AA5-F09E-4B52-8997-9FD79AB2E0A7}.devint|Any CPU.ActiveCfg = devint|Any CPU
		{B5146AA5-F09E-4B52-8997-9FD79AB2E0A7}.devint|Any CPU.Build.0 = devint|Any CPU
		{B5146AA5-F09E-4B52-8997-9FD79AB2E0A7}.devint|x86.ActiveCfg = devint|Any CPU
		{B5146AA5-F09E-4B52-8997-9FD79AB2E0A7}.Prod|Any CPU.ActiveCfg = Prod|Any CPU
		{B5146AA5-F09E-4B52-8997-9FD79AB2E0A7}.Prod|Any CPU.Build.0 = Prod|Any CPU
		{B5146AA5-F09E-4B52-8997-9FD79AB2E0A7}.Prod|x86.ActiveCfg = Prod|Any CPU
		{B5146AA5-F09E-4B52-8997-9FD79AB2E0A7}.Release|Any CPU.ActiveCfg = Release|Any CPU
		{B5146AA5-F09E-4B52-8997-9FD79AB2E0A7}.Release|Any CPU.Build.0 = Release|Any CPU
		{B5146AA5-F09E-4B52-8997-9FD79AB2E0A7}.Release|x86.ActiveCfg = Release|Any CPU
		{B5146AA5-F09E-4B52-8997-9FD79AB2E0A7}.SIT|Any CPU.ActiveCfg = SIT|Any CPU
		{B5146AA5-F09E-4B52-8997-9FD79AB2E0A7}.SIT|Any CPU.Build.0 = SIT|Any CPU
		{B5146AA5-F09E-4B52-8997-9FD79AB2E0A7}.SIT|x86.ActiveCfg = SIT|Any CPU
		{B5146AA5-F09E-4B52-8997-9FD79AB2E0A7}.UAT|Any CPU.ActiveCfg = UAT|Any CPU
		{B5146AA5-F09E-4B52-8997-9FD79AB2E0A7}.UAT|Any CPU.Build.0 = UAT|Any CPU
		{B5146AA5-F09E-4B52-8997-9FD79AB2E0A7}.UAT|x86.ActiveCfg = UAT|Any CPU
		{06898203-B69E-4200-AA42-FD429A6A4A8D}.Debug|Any CPU.ActiveCfg = Debug|Any CPU
		{06898203-B69E-4200-AA42-FD429A6A4A8D}.Debug|Any CPU.Build.0 = Debug|Any CPU
		{06898203-B69E-4200-AA42-FD429A6A4A8D}.Debug|x86.ActiveCfg = Debug|Any CPU
		{06898203-B69E-4200-AA42-FD429A6A4A8D}.devint|Any CPU.ActiveCfg = devint|Any CPU
		{06898203-B69E-4200-AA42-FD429A6A4A8D}.devint|Any CPU.Build.0 = devint|Any CPU
		{06898203-B69E-4200-AA42-FD429A6A4A8D}.devint|x86.ActiveCfg = devint|Any CPU
		{06898203-B69E-4200-AA42-FD429A6A4A8D}.Prod|Any CPU.ActiveCfg = Prod|Any CPU
		{06898203-B69E-4200-AA42-FD429A6A4A8D}.Prod|Any CPU.Build.0 = Prod|Any CPU
		{06898203-B69E-4200-AA42-FD429A6A4A8D}.Prod|x86.ActiveCfg = Prod|Any CPU
		{06898203-B69E-4200-AA42-FD429A6A4A8D}.Release|Any CPU.ActiveCfg = Release|Any CPU
		{06898203-B69E-4200-AA42-FD429A6A4A8D}.Release|Any CPU.Build.0 = Release|Any CPU
		{06898203-B69E-4200-AA42-FD429A6A4A8D}.Release|x86.ActiveCfg = Release|Any CPU
		{06898203-B69E-4200-AA42-FD429A6A4A8D}.SIT|Any CPU.ActiveCfg = SIT|Any CPU
		{06898203-B69E-4200-AA42-FD429A6A4A8D}.SIT|Any CPU.Build.0 = SIT|Any CPU
		{06898203-B69E-4200-AA42-FD429A6A4A8D}.SIT|x86.ActiveCfg = SIT|Any CPU
		{06898203-B69E-4200-AA42-FD429A6A4A8D}.UAT|Any CPU.ActiveCfg = UAT|Any CPU
		{06898203-B69E-4200-AA42-FD429A6A4A8D}.UAT|Any CPU.Build.0 = UAT|Any CPU
		{06898203-B69E-4200-AA42-FD429A6A4A8D}.UAT|x86.ActiveCfg = UAT|Any CPU
		{DD8A545B-F35B-424C-AB04-3D14D3A95B4E}.Debug|Any CPU.ActiveCfg = Debug|Any CPU
		{DD8A545B-F35B-424C-AB04-3D14D3A95B4E}.Debug|Any CPU.Build.0 = Debug|Any CPU
		{DD8A545B-F35B-424C-AB04-3D14D3A95B4E}.Debug|x86.ActiveCfg = Debug|Any CPU
		{DD8A545B-F35B-424C-AB04-3D14D3A95B4E}.devint|Any CPU.ActiveCfg = devint|Any CPU
		{DD8A545B-F35B-424C-AB04-3D14D3A95B4E}.devint|Any CPU.Build.0 = devint|Any CPU
		{DD8A545B-F35B-424C-AB04-3D14D3A95B4E}.devint|x86.ActiveCfg = devint|Any CPU
		{DD8A545B-F35B-424C-AB04-3D14D3A95B4E}.Prod|Any CPU.ActiveCfg = Prod|Any CPU
		{DD8A545B-F35B-424C-AB04-3D14D3A95B4E}.Prod|Any CPU.Build.0 = Prod|Any CPU
		{DD8A545B-F35B-424C-AB04-3D14D3A95B4E}.Prod|x86.ActiveCfg = Prod|Any CPU
		{DD8A545B-F35B-424C-AB04-3D14D3A95B4E}.Release|Any CPU.ActiveCfg = Release|Any CPU
		{DD8A545B-F35B-424C-AB04-3D14D3A95B4E}.Release|Any CPU.Build.0 = Release|Any CPU
		{DD8A545B-F35B-424C-AB04-3D14D3A95B4E}.Release|x86.ActiveCfg = Release|Any CPU
		{DD8A545B-F35B-424C-AB04-3D14D3A95B4E}.SIT|Any CPU.ActiveCfg = SIT|Any CPU
		{DD8A545B-F35B-424C-AB04-3D14D3A95B4E}.SIT|Any CPU.Build.0 = SIT|Any CPU
		{DD8A545B-F35B-424C-AB04-3D14D3A95B4E}.SIT|x86.ActiveCfg = SIT|Any CPU
		{DD8A545B-F35B-424C-AB04-3D14D3A95B4E}.UAT|Any CPU.ActiveCfg = UAT|Any CPU
		{DD8A545B-F35B-424C-AB04-3D14D3A95B4E}.UAT|Any CPU.Build.0 = UAT|Any CPU
		{DD8A545B-F35B-424C-AB04-3D14D3A95B4E}.UAT|x86.ActiveCfg = UAT|Any CPU
		{F945BD62-7E47-49AB-94F7-54C28DF4CE86}.Debug|Any CPU.ActiveCfg = Debug|Any CPU
		{F945BD62-7E47-49AB-94F7-54C28DF4CE86}.Debug|Any CPU.Build.0 = Debug|Any CPU
		{F945BD62-7E47-49AB-94F7-54C28DF4CE86}.Debug|x86.ActiveCfg = Debug|Any CPU
		{F945BD62-7E47-49AB-94F7-54C28DF4CE86}.devint|Any CPU.ActiveCfg = Debug|Any CPU
		{F945BD62-7E47-49AB-94F7-54C28DF4CE86}.devint|Any CPU.Build.0 = Debug|Any CPU
		{F945BD62-7E47-49AB-94F7-54C28DF4CE86}.devint|x86.ActiveCfg = Debug|Any CPU
		{F945BD62-7E47-49AB-94F7-54C28DF4CE86}.Prod|Any CPU.ActiveCfg = Release|Any CPU
		{F945BD62-7E47-49AB-94F7-54C28DF4CE86}.Prod|Any CPU.Build.0 = Release|Any CPU
		{F945BD62-7E47-49AB-94F7-54C28DF4CE86}.Prod|x86.ActiveCfg = Release|Any CPU
		{F945BD62-7E47-49AB-94F7-54C28DF4CE86}.Release|Any CPU.ActiveCfg = Release|Any CPU
		{F945BD62-7E47-49AB-94F7-54C28DF4CE86}.Release|Any CPU.Build.0 = Release|Any CPU
		{F945BD62-7E47-49AB-94F7-54C28DF4CE86}.Release|x86.ActiveCfg = Release|Any CPU
		{F945BD62-7E47-49AB-94F7-54C28DF4CE86}.SIT|Any CPU.ActiveCfg = Release|Any CPU
		{F945BD62-7E47-49AB-94F7-54C28DF4CE86}.SIT|Any CPU.Build.0 = Release|Any CPU
		{F945BD62-7E47-49AB-94F7-54C28DF4CE86}.SIT|x86.ActiveCfg = Release|Any CPU
		{F945BD62-7E47-49AB-94F7-54C28DF4CE86}.UAT|Any CPU.ActiveCfg = Release|Any CPU
		{F945BD62-7E47-49AB-94F7-54C28DF4CE86}.UAT|Any CPU.Build.0 = Release|Any CPU
		{F945BD62-7E47-49AB-94F7-54C28DF4CE86}.UAT|x86.ActiveCfg = Release|Any CPU
		{FEC9092F-0C93-4402-98E0-0F929AE126D7}.Debug|Any CPU.ActiveCfg = Debug|Any CPU
		{FEC9092F-0C93-4402-98E0-0F929AE126D7}.Debug|Any CPU.Build.0 = Debug|Any CPU
		{FEC9092F-0C93-4402-98E0-0F929AE126D7}.Debug|x86.ActiveCfg = Debug|x86
		{FEC9092F-0C93-4402-98E0-0F929AE126D7}.Debug|x86.Build.0 = Debug|x86
		{FEC9092F-0C93-4402-98E0-0F929AE126D7}.devint|Any CPU.ActiveCfg = devint|Any CPU
		{FEC9092F-0C93-4402-98E0-0F929AE126D7}.devint|Any CPU.Build.0 = devint|Any CPU
		{FEC9092F-0C93-4402-98E0-0F929AE126D7}.devint|x86.ActiveCfg = Debug|x86
		{FEC9092F-0C93-4402-98E0-0F929AE126D7}.devint|x86.Build.0 = Debug|x86
		{FEC9092F-0C93-4402-98E0-0F929AE126D7}.Prod|Any CPU.ActiveCfg = Prod|Any CPU
		{FEC9092F-0C93-4402-98E0-0F929AE126D7}.Prod|Any CPU.Build.0 = Prod|Any CPU
		{FEC9092F-0C93-4402-98E0-0F929AE126D7}.Prod|x86.ActiveCfg = Release|x86
		{FEC9092F-0C93-4402-98E0-0F929AE126D7}.Prod|x86.Build.0 = Release|x86
		{FEC9092F-0C93-4402-98E0-0F929AE126D7}.Release|Any CPU.ActiveCfg = Release|Any CPU
		{FEC9092F-0C93-4402-98E0-0F929AE126D7}.Release|Any CPU.Build.0 = Release|Any CPU
		{FEC9092F-0C93-4402-98E0-0F929AE126D7}.Release|x86.ActiveCfg = Release|x86
		{FEC9092F-0C93-4402-98E0-0F929AE126D7}.Release|x86.Build.0 = Release|x86
		{FEC9092F-0C93-4402-98E0-0F929AE126D7}.SIT|Any CPU.ActiveCfg = SIT|Any CPU
		{FEC9092F-0C93-4402-98E0-0F929AE126D7}.SIT|Any CPU.Build.0 = SIT|Any CPU
		{FEC9092F-0C93-4402-98E0-0F929AE126D7}.SIT|x86.ActiveCfg = Release|x86
		{FEC9092F-0C93-4402-98E0-0F929AE126D7}.SIT|x86.Build.0 = Release|x86
		{FEC9092F-0C93-4402-98E0-0F929AE126D7}.UAT|Any CPU.ActiveCfg = UAT|Any CPU
		{FEC9092F-0C93-4402-98E0-0F929AE126D7}.UAT|Any CPU.Build.0 = UAT|Any CPU
		{FEC9092F-0C93-4402-98E0-0F929AE126D7}.UAT|x86.ActiveCfg = Release|x86
		{FEC9092F-0C93-4402-98E0-0F929AE126D7}.UAT|x86.Build.0 = Release|x86
		{93C366DB-A711-4B53-9957-E4890A41C783}.Debug|Any CPU.ActiveCfg = Debug|Any CPU
		{93C366DB-A711-4B53-9957-E4890A41C783}.Debug|Any CPU.Build.0 = Debug|Any CPU
		{93C366DB-A711-4B53-9957-E4890A41C783}.Debug|x86.ActiveCfg = Debug|Any CPU
		{93C366DB-A711-4B53-9957-E4890A41C783}.devint|Any CPU.ActiveCfg = devint|Any CPU
		{93C366DB-A711-4B53-9957-E4890A41C783}.devint|Any CPU.Build.0 = devint|Any CPU
		{93C366DB-A711-4B53-9957-E4890A41C783}.devint|x86.ActiveCfg = Debug|Any CPU
		{93C366DB-A711-4B53-9957-E4890A41C783}.Prod|Any CPU.ActiveCfg = Prod|Any CPU
		{93C366DB-A711-4B53-9957-E4890A41C783}.Prod|Any CPU.Build.0 = Prod|Any CPU
		{93C366DB-A711-4B53-9957-E4890A41C783}.Prod|x86.ActiveCfg = Release|Any CPU
		{93C366DB-A711-4B53-9957-E4890A41C783}.Release|Any CPU.ActiveCfg = Release|Any CPU
		{93C366DB-A711-4B53-9957-E4890A41C783}.Release|Any CPU.Build.0 = Release|Any CPU
		{93C366DB-A711-4B53-9957-E4890A41C783}.Release|x86.ActiveCfg = Release|Any CPU
		{93C366DB-A711-4B53-9957-E4890A41C783}.SIT|Any CPU.ActiveCfg = SIT|Any CPU
		{93C366DB-A711-4B53-9957-E4890A41C783}.SIT|Any CPU.Build.0 = SIT|Any CPU
		{93C366DB-A711-4B53-9957-E4890A41C783}.SIT|x86.ActiveCfg = Release|Any CPU
		{93C366DB-A711-4B53-9957-E4890A41C783}.UAT|Any CPU.ActiveCfg = UAT|Any CPU
		{93C366DB-A711-4B53-9957-E4890A41C783}.UAT|Any CPU.Build.0 = UAT|Any CPU
		{93C366DB-A711-4B53-9957-E4890A41C783}.UAT|x86.ActiveCfg = Release|Any CPU
		{FFA2B7E8-776C-4EC7-A2F4-E293A7F9B4A2}.Debug|Any CPU.ActiveCfg = Debug|Any CPU
		{FFA2B7E8-776C-4EC7-A2F4-E293A7F9B4A2}.Debug|Any CPU.Build.0 = Debug|Any CPU
		{FFA2B7E8-776C-4EC7-A2F4-E293A7F9B4A2}.Debug|x86.ActiveCfg = Debug|Any CPU
		{FFA2B7E8-776C-4EC7-A2F4-E293A7F9B4A2}.devint|Any CPU.ActiveCfg = devint|Any CPU
		{FFA2B7E8-776C-4EC7-A2F4-E293A7F9B4A2}.devint|Any CPU.Build.0 = devint|Any CPU
		{FFA2B7E8-776C-4EC7-A2F4-E293A7F9B4A2}.devint|x86.ActiveCfg = Debug|Any CPU
		{FFA2B7E8-776C-4EC7-A2F4-E293A7F9B4A2}.Prod|Any CPU.ActiveCfg = Prod|Any CPU
		{FFA2B7E8-776C-4EC7-A2F4-E293A7F9B4A2}.Prod|Any CPU.Build.0 = Prod|Any CPU
		{FFA2B7E8-776C-4EC7-A2F4-E293A7F9B4A2}.Prod|x86.ActiveCfg = Release|Any CPU
		{FFA2B7E8-776C-4EC7-A2F4-E293A7F9B4A2}.Release|Any CPU.ActiveCfg = Release|Any CPU
		{FFA2B7E8-776C-4EC7-A2F4-E293A7F9B4A2}.Release|Any CPU.Build.0 = Release|Any CPU
		{FFA2B7E8-776C-4EC7-A2F4-E293A7F9B4A2}.Release|x86.ActiveCfg = Release|Any CPU
		{FFA2B7E8-776C-4EC7-A2F4-E293A7F9B4A2}.SIT|Any CPU.ActiveCfg = SIT|Any CPU
		{FFA2B7E8-776C-4EC7-A2F4-E293A7F9B4A2}.SIT|Any CPU.Build.0 = SIT|Any CPU
		{FFA2B7E8-776C-4EC7-A2F4-E293A7F9B4A2}.SIT|x86.ActiveCfg = Release|Any CPU
		{FFA2B7E8-776C-4EC7-A2F4-E293A7F9B4A2}.UAT|Any CPU.ActiveCfg = UAT|Any CPU
		{FFA2B7E8-776C-4EC7-A2F4-E293A7F9B4A2}.UAT|Any CPU.Build.0 = UAT|Any CPU
		{FFA2B7E8-776C-4EC7-A2F4-E293A7F9B4A2}.UAT|x86.ActiveCfg = Release|Any CPU
	EndGlobalSection
	GlobalSection(SolutionProperties) = preSolution
		HideSolutionNode = FALSE
	EndGlobalSection
	GlobalSection(NestedProjects) = preSolution
		{BC0FF8B0-D59C-45CF-A048-C426FCF3BD7F} = {4C63EB37-049B-4C53-8D42-FE96EAB3F908}
		{FEC9092F-0C93-4402-98E0-0F929AE126D7} = {4C63EB37-049B-4C53-8D42-FE96EAB3F908}
		{93C366DB-A711-4B53-9957-E4890A41C783} = {4C63EB37-049B-4C53-8D42-FE96EAB3F908}
		{16A62F2E-2CE7-4587-B70B-F9760800ACD4} = {90255B4C-7F3A-4053-8964-F2EE4749502B}
		{73DED3E2-BE03-4AC4-8E09-1746CE117435} = {0ECAC99E-1E1E-4C58-84A1-A28B9BD02C9F}
		{8A483780-6FAB-4E0A-8DDE-E9590244D95A} = {0ECAC99E-1E1E-4C58-84A1-A28B9BD02C9F}
		{B5146AA5-F09E-4B52-8997-9FD79AB2E0A7} = {0ECAC99E-1E1E-4C58-84A1-A28B9BD02C9F}
		{06898203-B69E-4200-AA42-FD429A6A4A8D} = {65E36156-CE6F-4B67-8F53-154FA38417E8}
		{DD8A545B-F35B-424C-AB04-3D14D3A95B4E} = {9D5AE75E-9A48-498C-985A-F6D8AA2A3EBF}
		{FFA2B7E8-776C-4EC7-A2F4-E293A7F9B4A2} = {9D5AE75E-9A48-498C-985A-F6D8AA2A3EBF}
		{F945BD62-7E47-49AB-94F7-54C28DF4CE86} = {7033F155-1FB1-4C52-9658-06F562AEC4F6}
		{D1EC776F-E041-47E7-8D0A-4105DD3F3BE2} = {7C25D546-DCD1-46F9-B8E4-5F4A88023474}
		{509E1371-CDA3-4347-9517-9E21DF733DF8} = {7C25D546-DCD1-46F9-B8E4-5F4A88023474}
	EndGlobalSection
EndGlobal
